
Microsoft Visual Studio Solution File, Format Version 12.00
# Visual Studio Version 16
VisualStudioVersion = 16.0.30001.183
MinimumVisualStudioVersion = 10.0.40219.1
Project("{2150E333-8FDC-42A3-9474-1A3956D46DE8}") = "Solution Items", "Solution Items", "{8E920A57-257B-464A-8537-197874D0E13C}"
	ProjectSection(SolutionItems) = preProject
		.editorconfig = .editorconfig
	EndProjectSection
EndProject
Project("{9A19103F-16F7-4668-BE54-9A1E7A4F7556}") = "ConsoleApp_Exception", "ConsoleApp_Exception\ConsoleApp_Exception.csproj", "{D53F13A5-EEC0-4E16-AE51-22B38E6D551D}"
EndProject
Project("{9A19103F-16F7-4668-BE54-9A1E7A4F7556}") = "ConsoleApp_IEnumerable", "ConsoleApp_IEnumerable\ConsoleApp_IEnumerable.csproj", "{EEA2875E-7C2B-4F47-B37A-D28ED967B4D4}"
EndProject
Project("{9A19103F-16F7-4668-BE54-9A1E7A4F7556}") = "ConsoleApp_Type", "ConsoleApp_Type\ConsoleApp_Type.csproj", "{2A84E8C1-76D1-4BD9-8F5F-836F39CBD683}"
EndProject
Project("{FAE04EC0-301F-11D3-BF4B-00C04F79EFBC}") = "ConsoleApp_Lambda", "ConsoleApp_Lambda\ConsoleApp_Lambda.csproj", "{7217D142-0859-4CF0-B1EE-E603A28AF0E7}"
EndProject
Project("{FAE04EC0-301F-11D3-BF4B-00C04F79EFBC}") = "ConsoleApp_Async", "ConsoleApp_Async\ConsoleApp_Async.csproj", "{A500F175-3AE7-4FFA-AA99-1F1B49F8C9EC}"
EndProject
Global
	GlobalSection(SolutionConfigurationPlatforms) = preSolution
		Debug|Any CPU = Debug|Any CPU
		Release|Any CPU = Release|Any CPU
	EndGlobalSection
	GlobalSection(ProjectConfigurationPlatforms) = postSolution
		{D53F13A5-EEC0-4E16-AE51-22B38E6D551D}.Debug|Any CPU.ActiveCfg = Debug|Any CPU
		{D53F13A5-EEC0-4E16-AE51-22B38E6D551D}.Debug|Any CPU.Build.0 = Debug|Any CPU
		{D53F13A5-EEC0-4E16-AE51-22B38E6D551D}.Release|Any CPU.ActiveCfg = Release|Any CPU
		{D53F13A5-EEC0-4E16-AE51-22B38E6D551D}.Release|Any CPU.Build.0 = Release|Any CPU
		{EEA2875E-7C2B-4F47-B37A-D28ED967B4D4}.Debug|Any CPU.ActiveCfg = Debug|Any CPU
		{EEA2875E-7C2B-4F47-B37A-D28ED967B4D4}.Debug|Any CPU.Build.0 = Debug|Any CPU
		{EEA2875E-7C2B-4F47-B37A-D28ED967B4D4}.Release|Any CPU.ActiveCfg = Release|Any CPU
		{EEA2875E-7C2B-4F47-B37A-D28ED967B4D4}.Release|Any CPU.Build.0 = Release|Any CPU
		{2A84E8C1-76D1-4BD9-8F5F-836F39CBD683}.Debug|Any CPU.ActiveCfg = Debug|Any CPU
		{2A84E8C1-76D1-4BD9-8F5F-836F39CBD683}.Debug|Any CPU.Build.0 = Debug|Any CPU
		{2A84E8C1-76D1-4BD9-8F5F-836F39CBD683}.Release|Any CPU.ActiveCfg = Release|Any CPU
		{2A84E8C1-76D1-4BD9-8F5F-836F39CBD683}.Release|Any CPU.Build.0 = Release|Any CPU
		{7217D142-0859-4CF0-B1EE-E603A28AF0E7}.Debug|Any CPU.ActiveCfg = Debug|Any CPU
		{7217D142-0859-4CF0-B1EE-E603A28AF0E7}.Debug|Any CPU.Build.0 = Debug|Any CPU
		{7217D142-0859-4CF0-B1EE-E603A28AF0E7}.Release|Any CPU.ActiveCfg = Release|Any CPU
		{7217D142-0859-4CF0-B1EE-E603A28AF0E7}.Release|Any CPU.Build.0 = Release|Any CPU
		{A500F175-3AE7-4FFA-AA99-1F1B49F8C9EC}.Debug|Any CPU.ActiveCfg = Debug|Any CPU
		{A500F175-3AE7-4FFA-AA99-1F1B49F8C9EC}.Debug|Any CPU.Build.0 = Debug|Any CPU
		{A500F175-3AE7-4FFA-AA99-1F1B49F8C9EC}.Release|Any CPU.ActiveCfg = Release|Any CPU
		{A500F175-3AE7-4FFA-AA99-1F1B49F8C9EC}.Release|Any CPU.Build.0 = Release|Any CPU
	EndGlobalSection
	GlobalSection(SolutionProperties) = preSolution
		HideSolutionNode = FALSE
	EndGlobalSection
	GlobalSection(ExtensibilityGlobals) = postSolution
		SolutionGuid = {24789CA5-72A3-4E0A-9552-980AC221509A}
	EndGlobalSection
EndGlobal
